
Microsoft Visual Studio Solution File, Format Version 12.00
# Visual Studio Version 16
VisualStudioVersion = 16.0.30523.141
MinimumVisualStudioVersion = 10.0.40219.1
Project("{FAE04EC0-301F-11D3-BF4B-00C04F79EFBC}") = "SuperDelaunay", "SuperDelaunay.csproj", "{0EF17F97-069E-4642-B152-5B7411A4DE7B}"
EndProject
Global
	GlobalSection(SolutionConfigurationPlatforms) = preSolution
		Debug|Any CPU = Debug|Any CPU
		Release|Any CPU = Release|Any CPU
	EndGlobalSection
	GlobalSection(ProjectConfigurationPlatforms) = postSolution
		{0EF17F97-069E-4642-B152-5B7411A4DE7B}.Debug|Any CPU.ActiveCfg = Debug|Any CPU
		{0EF17F97-069E-4642-B152-5B7411A4DE7B}.Debug|Any CPU.Build.0 = Debug|Any CPU
		{0EF17F97-069E-4642-B152-5B7411A4DE7B}.Release|Any CPU.ActiveCfg = Release|Any CPU
		{0EF17F97-069E-4642-B152-5B7411A4DE7B}.Release|Any CPU.Build.0 = Release|Any CPU
	EndGlobalSection
	GlobalSection(SolutionProperties) = preSolution
		HideSolutionNode = FALSE
	EndGlobalSection
	GlobalSection(ExtensibilityGlobals) = postSolution
		SolutionGuid = {804AE6D3-66B4-4E22-A028-0C611F39A0B0}
	EndGlobalSection
EndGlobal
